
Microsoft Visual Studio Solution File, Format Version 12.00
# Visual Studio Version 17
VisualStudioVersion = 17.4.33110.190
MinimumVisualStudioVersion = 10.0.40219.1
Project("{FAE04EC0-301F-11D3-BF4B-00C04F79EFBC}") = "RailwayReservationMVC", "RailwayReservationMVC\RailwayReservationMVC.csproj", "{5C6BA31A-3D86-407D-9F91-E8154A916641}"
EndProject
Global
	GlobalSection(SolutionConfigurationPlatforms) = preSolution
		Debug|Any CPU = Debug|Any CPU
		Release|Any CPU = Release|Any CPU
	EndGlobalSection
	GlobalSection(ProjectConfigurationPlatforms) = postSolution
		{5C6BA31A-3D86-407D-9F91-E8154A916641}.Debug|Any CPU.ActiveCfg = Debug|Any CPU
		{5C6BA31A-3D86-407D-9F91-E8154A916641}.Debug|Any CPU.Build.0 = Debug|Any CPU
		{5C6BA31A-3D86-407D-9F91-E8154A916641}.Release|Any CPU.ActiveCfg = Release|Any CPU
		{5C6BA31A-3D86-407D-9F91-E8154A916641}.Release|Any CPU.Build.0 = Release|Any CPU
	EndGlobalSection
	GlobalSection(SolutionProperties) = preSolution
		HideSolutionNode = FALSE
	EndGlobalSection
	GlobalSection(ExtensibilityGlobals) = postSolution
		SolutionGuid = {AF7825DA-3AA7-4EDA-88CF-C57D61B80043}
	EndGlobalSection
EndGlobal
